{
  "requires": true,
  "lockfileVersion": 1,
  "dependencies": {
    "flagpack-core": {
      "version": "1.0.0",
      "resolved": "https://registry.npmjs.org/flagpack-core/-/flagpack-core-1.0.0.tgz",
      "integrity": "sha512-xKNFPkF+sKFY+pP7fsHD8KkuHKl5ZUX8eY2Vzt7lNv9m0ndtchzLx+gdZrJd/3QZfTyi9U40y9WVYAEBy0w++g=="
    },
    "react-flagpack": {
      "version": "0.1.1",
      "resolved": "https://registry.npmjs.org/react-flagpack/-/react-flagpack-0.1.1.tgz",
      "integrity": "sha512-cB2IGYkYUVPAPsteBjReHFGquvnkQk0MDzHSfvvCYjh1r4kIEwr//J65JNwF0DRF+W3PiQLcw/bqDRf/6bHgSg==",
      "requires": {
        "flagpack-core": "^1.0.0"
      }
    }
  }
}
